
Microsoft Visual Studio Solution File, Format Version 12.00
# Visual Studio 14
VisualStudioVersion = 14.0.25420.1
MinimumVisualStudioVersion = 10.0.40219.1
Project("{FAE04EC0-301F-11D3-BF4B-00C04F79EFBC}") = "PageOverlaySample", "PageOverlaySample\PageOverlaySample\PageOverlaySample.csproj", "{ED80ABE9-5E4A-45FB-A5DF-49B65B0A9AF7}"
EndProject
Project("{FAE04EC0-301F-11D3-BF4B-00C04F79EFBC}") = "PageOverlaySample.Droid", "PageOverlaySample\PageOverlaySample.Droid\PageOverlaySample.Droid.csproj", "{C560611F-9309-45FB-BA77-FDEEF2BDDD23}"
EndProject
Project("{FAE04EC0-301F-11D3-BF4B-00C04F79EFBC}") = "PageOverlaySample.iOS", "PageOverlaySample\PageOverlaySample.iOS\PageOverlaySample.iOS.csproj", "{7B548F24-F2AA-4066-B4EA-C07BA3D70A38}"
EndProject
Project("{FAE04EC0-301F-11D3-BF4B-00C04F79EFBC}") = "PageOverlaySample.WinPhone", "PageOverlaySample\PageOverlaySample.WinPhone\PageOverlaySample.WinPhone.csproj", "{C212D8CA-E86A-4F20-A77E-2E98CFF21785}"
EndProject
Project("{FAE04EC0-301F-11D3-BF4B-00C04F79EFBC}") = "PageOverlaySample.UWP", "PageOverlaySample\PageOverlaySample.UWP\PageOverlaySample.UWP.csproj", "{835FB11D-307B-4D6B-B1A4-7EF69C074AEC}"
EndProject
Project("{FAE04EC0-301F-11D3-BF4B-00C04F79EFBC}") = "PageOverlaySample.Windows", "PageOverlaySample\PageOverlaySample.Windows\PageOverlaySample.Windows.csproj", "{DA27BDD6-A118-46B0-BD85-0BE98469C73B}"
EndProject
Project("{FAE04EC0-301F-11D3-BF4B-00C04F79EFBC}") = "PageOverlaySample.Framework", "PageOverlaySample\PageOverlaySample.Framework\PageOverlaySample.Framework.csproj", "{67F9D3A8-F71E-4428-913F-C37AE82CDB24}"
EndProject
Global
	GlobalSection(SolutionConfigurationPlatforms) = preSolution
		Ad-Hoc|Any CPU = Ad-Hoc|Any CPU
		Ad-Hoc|ARM = Ad-Hoc|ARM
		Ad-Hoc|iPhone = Ad-Hoc|iPhone
		Ad-Hoc|iPhoneSimulator = Ad-Hoc|iPhoneSimulator
		Ad-Hoc|x64 = Ad-Hoc|x64
		Ad-Hoc|x86 = Ad-Hoc|x86
		AppStore|Any CPU = AppStore|Any CPU
		AppStore|ARM = AppStore|ARM
		AppStore|iPhone = AppStore|iPhone
		AppStore|iPhoneSimulator = AppStore|iPhoneSimulator
		AppStore|x64 = AppStore|x64
		AppStore|x86 = AppStore|x86
		Debug|Any CPU = Debug|Any CPU
		Debug|ARM = Debug|ARM
		Debug|iPhone = Debug|iPhone
		Debug|iPhoneSimulator = Debug|iPhoneSimulator
		Debug|x64 = Debug|x64
		Debug|x86 = Debug|x86
		Release|Any CPU = Release|Any CPU
		Release|ARM = Release|ARM
		Release|iPhone = Release|iPhone
		Release|iPhoneSimulator = Release|iPhoneSimulator
		Release|x64 = Release|x64
		Release|x86 = Release|x86
	EndGlobalSection
	GlobalSection(ProjectConfigurationPlatforms) = postSolution
		{ED80ABE9-5E4A-45FB-A5DF-49B65B0A9AF7}.Ad-Hoc|Any CPU.ActiveCfg = Release|Any CPU
		{ED80ABE9-5E4A-45FB-A5DF-49B65B0A9AF7}.Ad-Hoc|Any CPU.Build.0 = Release|Any CPU
		{ED80ABE9-5E4A-45FB-A5DF-49B65B0A9AF7}.Ad-Hoc|ARM.ActiveCfg = Release|Any CPU
		{ED80ABE9-5E4A-45FB-A5DF-49B65B0A9AF7}.Ad-Hoc|ARM.Build.0 = Release|Any CPU
		{ED80ABE9-5E4A-45FB-A5DF-49B65B0A9AF7}.Ad-Hoc|iPhone.ActiveCfg = Release|Any CPU
		{ED80ABE9-5E4A-45FB-A5DF-49B65B0A9AF7}.Ad-Hoc|iPhone.Build.0 = Release|Any CPU
		{ED80ABE9-5E4A-45FB-A5DF-49B65B0A9AF7}.Ad-Hoc|iPhoneSimulator.ActiveCfg = Release|Any CPU
		{ED80ABE9-5E4A-45FB-A5DF-49B65B0A9AF7}.Ad-Hoc|iPhoneSimulator.Build.0 = Release|Any CPU
		{ED80ABE9-5E4A-45FB-A5DF-49B65B0A9AF7}.Ad-Hoc|x64.ActiveCfg = Release|Any CPU
		{ED80ABE9-5E4A-45FB-A5DF-49B65B0A9AF7}.Ad-Hoc|x64.Build.0 = Release|Any CPU
		{ED80ABE9-5E4A-45FB-A5DF-49B65B0A9AF7}.Ad-Hoc|x86.ActiveCfg = Release|Any CPU
		{ED80ABE9-5E4A-45FB-A5DF-49B65B0A9AF7}.Ad-Hoc|x86.Build.0 = Release|Any CPU
		{ED80ABE9-5E4A-45FB-A5DF-49B65B0A9AF7}.AppStore|Any CPU.ActiveCfg = Release|Any CPU
		{ED80ABE9-5E4A-45FB-A5DF-49B65B0A9AF7}.AppStore|Any CPU.Build.0 = Release|Any CPU
		{ED80ABE9-5E4A-45FB-A5DF-49B65B0A9AF7}.AppStore|ARM.ActiveCfg = Release|Any CPU
		{ED80ABE9-5E4A-45FB-A5DF-49B65B0A9AF7}.AppStore|ARM.Build.0 = Release|Any CPU
		{ED80ABE9-5E4A-45FB-A5DF-49B65B0A9AF7}.AppStore|iPhone.ActiveCfg = Release|Any CPU
		{ED80ABE9-5E4A-45FB-A5DF-49B65B0A9AF7}.AppStore|iPhone.Build.0 = Release|Any CPU
		{ED80ABE9-5E4A-45FB-A5DF-49B65B0A9AF7}.AppStore|iPhoneSimulator.ActiveCfg = Release|Any CPU
		{ED80ABE9-5E4A-45FB-A5DF-49B65B0A9AF7}.AppStore|iPhoneSimulator.Build.0 = Release|Any CPU
		{ED80ABE9-5E4A-45FB-A5DF-49B65B0A9AF7}.AppStore|x64.ActiveCfg = Release|Any CPU
		{ED80ABE9-5E4A-45FB-A5DF-49B65B0A9AF7}.AppStore|x64.Build.0 = Release|Any CPU
		{ED80ABE9-5E4A-45FB-A5DF-49B65B0A9AF7}.AppStore|x86.ActiveCfg = Release|Any CPU
		{ED80ABE9-5E4A-45FB-A5DF-49B65B0A9AF7}.AppStore|x86.Build.0 = Release|Any CPU
		{ED80ABE9-5E4A-45FB-A5DF-49B65B0A9AF7}.Debug|Any CPU.ActiveCfg = Debug|Any CPU
		{ED80ABE9-5E4A-45FB-A5DF-49B65B0A9AF7}.Debug|Any CPU.Build.0 = Debug|Any CPU
		{ED80ABE9-5E4A-45FB-A5DF-49B65B0A9AF7}.Debug|ARM.ActiveCfg = Debug|Any CPU
		{ED80ABE9-5E4A-45FB-A5DF-49B65B0A9AF7}.Debug|ARM.Build.0 = Debug|Any CPU
		{ED80ABE9-5E4A-45FB-A5DF-49B65B0A9AF7}.Debug|iPhone.ActiveCfg = Debug|Any CPU
		{ED80ABE9-5E4A-45FB-A5DF-49B65B0A9AF7}.Debug|iPhone.Build.0 = Debug|Any CPU
		{ED80ABE9-5E4A-45FB-A5DF-49B65B0A9AF7}.Debug|iPhoneSimulator.ActiveCfg = Debug|Any CPU
		{ED80ABE9-5E4A-45FB-A5DF-49B65B0A9AF7}.Debug|iPhoneSimulator.Build.0 = Debug|Any CPU
		{ED80ABE9-5E4A-45FB-A5DF-49B65B0A9AF7}.Debug|x64.ActiveCfg = Debug|Any CPU
		{ED80ABE9-5E4A-45FB-A5DF-49B65B0A9AF7}.Debug|x64.Build.0 = Debug|Any CPU
		{ED80ABE9-5E4A-45FB-A5DF-49B65B0A9AF7}.Debug|x86.ActiveCfg = Debug|Any CPU
		{ED80ABE9-5E4A-45FB-A5DF-49B65B0A9AF7}.Debug|x86.Build.0 = Debug|Any CPU
		{ED80ABE9-5E4A-45FB-A5DF-49B65B0A9AF7}.Release|Any CPU.ActiveCfg = Release|Any CPU
		{ED80ABE9-5E4A-45FB-A5DF-49B65B0A9AF7}.Release|Any CPU.Build.0 = Release|Any CPU
		{ED80ABE9-5E4A-45FB-A5DF-49B65B0A9AF7}.Release|ARM.ActiveCfg = Release|Any CPU
		{ED80ABE9-5E4A-45FB-A5DF-49B65B0A9AF7}.Release|ARM.Build.0 = Release|Any CPU
		{ED80ABE9-5E4A-45FB-A5DF-49B65B0A9AF7}.Release|iPhone.ActiveCfg = Release|Any CPU
		{ED80ABE9-5E4A-45FB-A5DF-49B65B0A9AF7}.Release|iPhone.Build.0 = Release|Any CPU
		{ED80ABE9-5E4A-45FB-A5DF-49B65B0A9AF7}.Release|iPhoneSimulator.ActiveCfg = Release|Any CPU
		{ED80ABE9-5E4A-45FB-A5DF-49B65B0A9AF7}.Release|iPhoneSimulator.Build.0 = Release|Any CPU
		{ED80ABE9-5E4A-45FB-A5DF-49B65B0A9AF7}.Release|x64.ActiveCfg = Release|Any CPU
		{ED80ABE9-5E4A-45FB-A5DF-49B65B0A9AF7}.Release|x64.Build.0 = Release|Any CPU
		{ED80ABE9-5E4A-45FB-A5DF-49B65B0A9AF7}.Release|x86.ActiveCfg = Release|Any CPU
		{ED80ABE9-5E4A-45FB-A5DF-49B65B0A9AF7}.Release|x86.Build.0 = Release|Any CPU
		{C560611F-9309-45FB-BA77-FDEEF2BDDD23}.Ad-Hoc|Any CPU.ActiveCfg = Release|Any CPU
		{C560611F-9309-45FB-BA77-FDEEF2BDDD23}.Ad-Hoc|Any CPU.Build.0 = Release|Any CPU
		{C560611F-9309-45FB-BA77-FDEEF2BDDD23}.Ad-Hoc|Any CPU.Deploy.0 = Release|Any CPU
		{C560611F-9309-45FB-BA77-FDEEF2BDDD23}.Ad-Hoc|ARM.ActiveCfg = Release|Any CPU
		{C560611F-9309-45FB-BA77-FDEEF2BDDD23}.Ad-Hoc|ARM.Build.0 = Release|Any CPU
		{C560611F-9309-45FB-BA77-FDEEF2BDDD23}.Ad-Hoc|ARM.Deploy.0 = Release|Any CPU
		{C560611F-9309-45FB-BA77-FDEEF2BDDD23}.Ad-Hoc|iPhone.ActiveCfg = Release|Any CPU
		{C560611F-9309-45FB-BA77-FDEEF2BDDD23}.Ad-Hoc|iPhone.Build.0 = Release|Any CPU
		{C560611F-9309-45FB-BA77-FDEEF2BDDD23}.Ad-Hoc|iPhone.Deploy.0 = Release|Any CPU
		{C560611F-9309-45FB-BA77-FDEEF2BDDD23}.Ad-Hoc|iPhoneSimulator.ActiveCfg = Release|Any CPU
		{C560611F-9309-45FB-BA77-FDEEF2BDDD23}.Ad-Hoc|iPhoneSimulator.Build.0 = Release|Any CPU
		{C560611F-9309-45FB-BA77-FDEEF2BDDD23}.Ad-Hoc|iPhoneSimulator.Deploy.0 = Release|Any CPU
		{C560611F-9309-45FB-BA77-FDEEF2BDDD23}.Ad-Hoc|x64.ActiveCfg = Release|Any CPU
		{C560611F-9309-45FB-BA77-FDEEF2BDDD23}.Ad-Hoc|x64.Build.0 = Release|Any CPU
		{C560611F-9309-45FB-BA77-FDEEF2BDDD23}.Ad-Hoc|x64.Deploy.0 = Release|Any CPU
		{C560611F-9309-45FB-BA77-FDEEF2BDDD23}.Ad-Hoc|x86.ActiveCfg = Release|Any CPU
		{C560611F-9309-45FB-BA77-FDEEF2BDDD23}.Ad-Hoc|x86.Build.0 = Release|Any CPU
		{C560611F-9309-45FB-BA77-FDEEF2BDDD23}.Ad-Hoc|x86.Deploy.0 = Release|Any CPU
		{C560611F-9309-45FB-BA77-FDEEF2BDDD23}.AppStore|Any CPU.ActiveCfg = Release|Any CPU
		{C560611F-9309-45FB-BA77-FDEEF2BDDD23}.AppStore|Any CPU.Build.0 = Release|Any CPU
		{C560611F-9309-45FB-BA77-FDEEF2BDDD23}.AppStore|Any CPU.Deploy.0 = Release|Any CPU
		{C560611F-9309-45FB-BA77-FDEEF2BDDD23}.AppStore|ARM.ActiveCfg = Release|Any CPU
		{C560611F-9309-45FB-BA77-FDEEF2BDDD23}.AppStore|ARM.Build.0 = Release|Any CPU
		{C560611F-9309-45FB-BA77-FDEEF2BDDD23}.AppStore|ARM.Deploy.0 = Release|Any CPU
		{C560611F-9309-45FB-BA77-FDEEF2BDDD23}.AppStore|iPhone.ActiveCfg = Release|Any CPU
		{C560611F-9309-45FB-BA77-FDEEF2BDDD23}.AppStore|iPhone.Build.0 = Release|Any CPU
		{C560611F-9309-45FB-BA77-FDEEF2BDDD23}.AppStore|iPhone.Deploy.0 = Release|Any CPU
		{C560611F-9309-45FB-BA77-FDEEF2BDDD23}.AppStore|iPhoneSimulator.ActiveCfg = Release|Any CPU
		{C560611F-9309-45FB-BA77-FDEEF2BDDD23}.AppStore|iPhoneSimulator.Build.0 = Release|Any CPU
		{C560611F-9309-45FB-BA77-FDEEF2BDDD23}.AppStore|iPhoneSimulator.Deploy.0 = Release|Any CPU
		{C560611F-9309-45FB-BA77-FDEEF2BDDD23}.AppStore|x64.ActiveCfg = Release|Any CPU
		{C560611F-9309-45FB-BA77-FDEEF2BDDD23}.AppStore|x64.Build.0 = Release|Any CPU
		{C560611F-9309-45FB-BA77-FDEEF2BDDD23}.AppStore|x64.Deploy.0 = Release|Any CPU
		{C560611F-9309-45FB-BA77-FDEEF2BDDD23}.AppStore|x86.ActiveCfg = Release|Any CPU
		{C560611F-9309-45FB-BA77-FDEEF2BDDD23}.AppStore|x86.Build.0 = Release|Any CPU
		{C560611F-9309-45FB-BA77-FDEEF2BDDD23}.AppStore|x86.Deploy.0 = Release|Any CPU
		{C560611F-9309-45FB-BA77-FDEEF2BDDD23}.Debug|Any CPU.ActiveCfg = Debug|Any CPU
		{C560611F-9309-45FB-BA77-FDEEF2BDDD23}.Debug|Any CPU.Build.0 = Debug|Any CPU
		{C560611F-9309-45FB-BA77-FDEEF2BDDD23}.Debug|Any CPU.Deploy.0 = Debug|Any CPU
		{C560611F-9309-45FB-BA77-FDEEF2BDDD23}.Debug|ARM.ActiveCfg = Debug|Any CPU
		{C560611F-9309-45FB-BA77-FDEEF2BDDD23}.Debug|ARM.Build.0 = Debug|Any CPU
		{C560611F-9309-45FB-BA77-FDEEF2BDDD23}.Debug|ARM.Deploy.0 = Debug|Any CPU
		{C560611F-9309-45FB-BA77-FDEEF2BDDD23}.Debug|iPhone.ActiveCfg = Debug|Any CPU
		{C560611F-9309-45FB-BA77-FDEEF2BDDD23}.Debug|iPhone.Build.0 = Debug|Any CPU
		{C560611F-9309-45FB-BA77-FDEEF2BDDD23}.Debug|iPhone.Deploy.0 = Debug|Any CPU
		{C560611F-9309-45FB-BA77-FDEEF2BDDD23}.Debug|iPhoneSimulator.ActiveCfg = Debug|Any CPU
		{C560611F-9309-45FB-BA77-FDEEF2BDDD23}.Debug|iPhoneSimulator.Build.0 = Debug|Any CPU
		{C560611F-9309-45FB-BA77-FDEEF2BDDD23}.Debug|iPhoneSimulator.Deploy.0 = Debug|Any CPU
		{C560611F-9309-45FB-BA77-FDEEF2BDDD23}.Debug|x64.ActiveCfg = Debug|Any CPU
		{C560611F-9309-45FB-BA77-FDEEF2BDDD23}.Debug|x64.Build.0 = Debug|Any CPU
		{C560611F-9309-45FB-BA77-FDEEF2BDDD23}.Debug|x64.Deploy.0 = Debug|Any CPU
		{C560611F-9309-45FB-BA77-FDEEF2BDDD23}.Debug|x86.ActiveCfg = Debug|Any CPU
		{C560611F-9309-45FB-BA77-FDEEF2BDDD23}.Debug|x86.Build.0 = Debug|Any CPU
		{C560611F-9309-45FB-BA77-FDEEF2BDDD23}.Debug|x86.Deploy.0 = Debug|Any CPU
		{C560611F-9309-45FB-BA77-FDEEF2BDDD23}.Release|Any CPU.ActiveCfg = Release|Any CPU
		{C560611F-9309-45FB-BA77-FDEEF2BDDD23}.Release|Any CPU.Build.0 = Release|Any CPU
		{C560611F-9309-45FB-BA77-FDEEF2BDDD23}.Release|Any CPU.Deploy.0 = Release|Any CPU
		{C560611F-9309-45FB-BA77-FDEEF2BDDD23}.Release|ARM.ActiveCfg = Release|Any CPU
		{C560611F-9309-45FB-BA77-FDEEF2BDDD23}.Release|ARM.Build.0 = Release|Any CPU
		{C560611F-9309-45FB-BA77-FDEEF2BDDD23}.Release|ARM.Deploy.0 = Release|Any CPU
		{C560611F-9309-45FB-BA77-FDEEF2BDDD23}.Release|iPhone.ActiveCfg = Release|Any CPU
		{C560611F-9309-45FB-BA77-FDEEF2BDDD23}.Release|iPhone.Build.0 = Release|Any CPU
		{C560611F-9309-45FB-BA77-FDEEF2BDDD23}.Release|iPhone.Deploy.0 = Release|Any CPU
		{C560611F-9309-45FB-BA77-FDEEF2BDDD23}.Release|iPhoneSimulator.ActiveCfg = Release|Any CPU
		{C560611F-9309-45FB-BA77-FDEEF2BDDD23}.Release|iPhoneSimulator.Build.0 = Release|Any CPU
		{C560611F-9309-45FB-BA77-FDEEF2BDDD23}.Release|iPhoneSimulator.Deploy.0 = Release|Any CPU
		{C560611F-9309-45FB-BA77-FDEEF2BDDD23}.Release|x64.ActiveCfg = Release|Any CPU
		{C560611F-9309-45FB-BA77-FDEEF2BDDD23}.Release|x64.Build.0 = Release|Any CPU
		{C560611F-9309-45FB-BA77-FDEEF2BDDD23}.Release|x64.Deploy.0 = Release|Any CPU
		{C560611F-9309-45FB-BA77-FDEEF2BDDD23}.Release|x86.ActiveCfg = Release|Any CPU
		{C560611F-9309-45FB-BA77-FDEEF2BDDD23}.Release|x86.Build.0 = Release|Any CPU
		{C560611F-9309-45FB-BA77-FDEEF2BDDD23}.Release|x86.Deploy.0 = Release|Any CPU
		{7B548F24-F2AA-4066-B4EA-C07BA3D70A38}.Ad-Hoc|Any CPU.ActiveCfg = Ad-Hoc|iPhone
		{7B548F24-F2AA-4066-B4EA-C07BA3D70A38}.Ad-Hoc|ARM.ActiveCfg = Ad-Hoc|iPhone
		{7B548F24-F2AA-4066-B4EA-C07BA3D70A38}.Ad-Hoc|iPhone.ActiveCfg = Ad-Hoc|iPhone
		{7B548F24-F2AA-4066-B4EA-C07BA3D70A38}.Ad-Hoc|iPhone.Build.0 = Ad-Hoc|iPhone
		{7B548F24-F2AA-4066-B4EA-C07BA3D70A38}.Ad-Hoc|iPhoneSimulator.ActiveCfg = Ad-Hoc|iPhoneSimulator
		{7B548F24-F2AA-4066-B4EA-C07BA3D70A38}.Ad-Hoc|iPhoneSimulator.Build.0 = Ad-Hoc|iPhoneSimulator
		{7B548F24-F2AA-4066-B4EA-C07BA3D70A38}.Ad-Hoc|x64.ActiveCfg = Ad-Hoc|iPhone
		{7B548F24-F2AA-4066-B4EA-C07BA3D70A38}.Ad-Hoc|x86.ActiveCfg = Ad-Hoc|iPhone
		{7B548F24-F2AA-4066-B4EA-C07BA3D70A38}.AppStore|Any CPU.ActiveCfg = AppStore|iPhone
		{7B548F24-F2AA-4066-B4EA-C07BA3D70A38}.AppStore|ARM.ActiveCfg = AppStore|iPhone
		{7B548F24-F2AA-4066-B4EA-C07BA3D70A38}.AppStore|iPhone.ActiveCfg = AppStore|iPhone
		{7B548F24-F2AA-4066-B4EA-C07BA3D70A38}.AppStore|iPhone.Build.0 = AppStore|iPhone
		{7B548F24-F2AA-4066-B4EA-C07BA3D70A38}.AppStore|iPhoneSimulator.ActiveCfg = AppStore|iPhoneSimulator
		{7B548F24-F2AA-4066-B4EA-C07BA3D70A38}.AppStore|iPhoneSimulator.Build.0 = AppStore|iPhoneSimulator
		{7B548F24-F2AA-4066-B4EA-C07BA3D70A38}.AppStore|x64.ActiveCfg = AppStore|iPhone
		{7B548F24-F2AA-4066-B4EA-C07BA3D70A38}.AppStore|x86.ActiveCfg = AppStore|iPhone
		{7B548F24-F2AA-4066-B4EA-C07BA3D70A38}.Debug|Any CPU.ActiveCfg = Debug|iPhone
		{7B548F24-F2AA-4066-B4EA-C07BA3D70A38}.Debug|ARM.ActiveCfg = Debug|iPhone
		{7B548F24-F2AA-4066-B4EA-C07BA3D70A38}.Debug|iPhone.ActiveCfg = Debug|iPhone
		{7B548F24-F2AA-4066-B4EA-C07BA3D70A38}.Debug|iPhone.Build.0 = Debug|iPhone
		{7B548F24-F2AA-4066-B4EA-C07BA3D70A38}.Debug|iPhoneSimulator.ActiveCfg = Debug|iPhoneSimulator
		{7B548F24-F2AA-4066-B4EA-C07BA3D70A38}.Debug|iPhoneSimulator.Build.0 = Debug|iPhoneSimulator
		{7B548F24-F2AA-4066-B4EA-C07BA3D70A38}.Debug|x64.ActiveCfg = Debug|iPhone
		{7B548F24-F2AA-4066-B4EA-C07BA3D70A38}.Debug|x86.ActiveCfg = Debug|iPhone
		{7B548F24-F2AA-4066-B4EA-C07BA3D70A38}.Release|Any CPU.ActiveCfg = Release|iPhone
		{7B548F24-F2AA-4066-B4EA-C07BA3D70A38}.Release|ARM.ActiveCfg = Release|iPhone
		{7B548F24-F2AA-4066-B4EA-C07BA3D70A38}.Release|iPhone.ActiveCfg = Release|iPhone
		{7B548F24-F2AA-4066-B4EA-C07BA3D70A38}.Release|iPhone.Build.0 = Release|iPhone
		{7B548F24-F2AA-4066-B4EA-C07BA3D70A38}.Release|iPhoneSimulator.ActiveCfg = Release|iPhoneSimulator
		{7B548F24-F2AA-4066-B4EA-C07BA3D70A38}.Release|iPhoneSimulator.Build.0 = Release|iPhoneSimulator
		{7B548F24-F2AA-4066-B4EA-C07BA3D70A38}.Release|x64.ActiveCfg = Release|iPhone
		{7B548F24-F2AA-4066-B4EA-C07BA3D70A38}.Release|x86.ActiveCfg = Release|iPhone
		{C212D8CA-E86A-4F20-A77E-2E98CFF21785}.Ad-Hoc|Any CPU.ActiveCfg = Release|Any CPU
		{C212D8CA-E86A-4F20-A77E-2E98CFF21785}.Ad-Hoc|Any CPU.Build.0 = Release|Any CPU
		{C212D8CA-E86A-4F20-A77E-2E98CFF21785}.Ad-Hoc|Any CPU.Deploy.0 = Release|Any CPU
		{C212D8CA-E86A-4F20-A77E-2E98CFF21785}.Ad-Hoc|ARM.ActiveCfg = Release|ARM
		{C212D8CA-E86A-4F20-A77E-2E98CFF21785}.Ad-Hoc|ARM.Build.0 = Release|ARM
		{C212D8CA-E86A-4F20-A77E-2E98CFF21785}.Ad-Hoc|ARM.Deploy.0 = Release|ARM
		{C212D8CA-E86A-4F20-A77E-2E98CFF21785}.Ad-Hoc|iPhone.ActiveCfg = Release|Any CPU
		{C212D8CA-E86A-4F20-A77E-2E98CFF21785}.Ad-Hoc|iPhone.Build.0 = Release|Any CPU
		{C212D8CA-E86A-4F20-A77E-2E98CFF21785}.Ad-Hoc|iPhone.Deploy.0 = Release|Any CPU
		{C212D8CA-E86A-4F20-A77E-2E98CFF21785}.Ad-Hoc|iPhoneSimulator.ActiveCfg = Release|Any CPU
		{C212D8CA-E86A-4F20-A77E-2E98CFF21785}.Ad-Hoc|iPhoneSimulator.Build.0 = Release|Any CPU
		{C212D8CA-E86A-4F20-A77E-2E98CFF21785}.Ad-Hoc|iPhoneSimulator.Deploy.0 = Release|Any CPU
		{C212D8CA-E86A-4F20-A77E-2E98CFF21785}.Ad-Hoc|x64.ActiveCfg = Release|Any CPU
		{C212D8CA-E86A-4F20-A77E-2E98CFF21785}.Ad-Hoc|x64.Build.0 = Release|Any CPU
		{C212D8CA-E86A-4F20-A77E-2E98CFF21785}.Ad-Hoc|x64.Deploy.0 = Release|Any CPU
		{C212D8CA-E86A-4F20-A77E-2E98CFF21785}.Ad-Hoc|x86.ActiveCfg = Release|x86
		{C212D8CA-E86A-4F20-A77E-2E98CFF21785}.Ad-Hoc|x86.Build.0 = Release|x86
		{C212D8CA-E86A-4F20-A77E-2E98CFF21785}.Ad-Hoc|x86.Deploy.0 = Release|x86
		{C212D8CA-E86A-4F20-A77E-2E98CFF21785}.AppStore|Any CPU.ActiveCfg = Release|Any CPU
		{C212D8CA-E86A-4F20-A77E-2E98CFF21785}.AppStore|Any CPU.Build.0 = Release|Any CPU
		{C212D8CA-E86A-4F20-A77E-2E98CFF21785}.AppStore|Any CPU.Deploy.0 = Release|Any CPU
		{C212D8CA-E86A-4F20-A77E-2E98CFF21785}.AppStore|ARM.ActiveCfg = Release|ARM
		{C212D8CA-E86A-4F20-A77E-2E98CFF21785}.AppStore|ARM.Build.0 = Release|ARM
		{C212D8CA-E86A-4F20-A77E-2E98CFF21785}.AppStore|ARM.Deploy.0 = Release|ARM
		{C212D8CA-E86A-4F20-A77E-2E98CFF21785}.AppStore|iPhone.ActiveCfg = Release|Any CPU
		{C212D8CA-E86A-4F20-A77E-2E98CFF21785}.AppStore|iPhone.Build.0 = Release|Any CPU
		{C212D8CA-E86A-4F20-A77E-2E98CFF21785}.AppStore|iPhone.Deploy.0 = Release|Any CPU
		{C212D8CA-E86A-4F20-A77E-2E98CFF21785}.AppStore|iPhoneSimulator.ActiveCfg = Release|Any CPU
		{C212D8CA-E86A-4F20-A77E-2E98CFF21785}.AppStore|iPhoneSimulator.Build.0 = Release|Any CPU
		{C212D8CA-E86A-4F20-A77E-2E98CFF21785}.AppStore|iPhoneSimulator.Deploy.0 = Release|Any CPU
		{C212D8CA-E86A-4F20-A77E-2E98CFF21785}.AppStore|x64.ActiveCfg = Release|Any CPU
		{C212D8CA-E86A-4F20-A77E-2E98CFF21785}.AppStore|x64.Build.0 = Release|Any CPU
		{C212D8CA-E86A-4F20-A77E-2E98CFF21785}.AppStore|x64.Deploy.0 = Release|Any CPU
		{C212D8CA-E86A-4F20-A77E-2E98CFF21785}.AppStore|x86.ActiveCfg = Release|x86
		{C212D8CA-E86A-4F20-A77E-2E98CFF21785}.AppStore|x86.Build.0 = Release|x86
		{C212D8CA-E86A-4F20-A77E-2E98CFF21785}.AppStore|x86.Deploy.0 = Release|x86
		{C212D8CA-E86A-4F20-A77E-2E98CFF21785}.Debug|Any CPU.ActiveCfg = Debug|Any CPU
		{C212D8CA-E86A-4F20-A77E-2E98CFF21785}.Debug|Any CPU.Build.0 = Debug|Any CPU
		{C212D8CA-E86A-4F20-A77E-2E98CFF21785}.Debug|Any CPU.Deploy.0 = Debug|Any CPU
		{C212D8CA-E86A-4F20-A77E-2E98CFF21785}.Debug|ARM.ActiveCfg = Debug|ARM
		{C212D8CA-E86A-4F20-A77E-2E98CFF21785}.Debug|ARM.Build.0 = Debug|ARM
		{C212D8CA-E86A-4F20-A77E-2E98CFF21785}.Debug|ARM.Deploy.0 = Debug|ARM
		{C212D8CA-E86A-4F20-A77E-2E98CFF21785}.Debug|iPhone.ActiveCfg = Debug|Any CPU
		{C212D8CA-E86A-4F20-A77E-2E98CFF21785}.Debug|iPhone.Build.0 = Debug|Any CPU
		{C212D8CA-E86A-4F20-A77E-2E98CFF21785}.Debug|iPhone.Deploy.0 = Debug|Any CPU
		{C212D8CA-E86A-4F20-A77E-2E98CFF21785}.Debug|iPhoneSimulator.ActiveCfg = Debug|Any CPU
		{C212D8CA-E86A-4F20-A77E-2E98CFF21785}.Debug|iPhoneSimulator.Build.0 = Debug|Any CPU
		{C212D8CA-E86A-4F20-A77E-2E98CFF21785}.Debug|iPhoneSimulator.Deploy.0 = Debug|Any CPU
		{C212D8CA-E86A-4F20-A77E-2E98CFF21785}.Debug|x64.ActiveCfg = Debug|Any CPU
		{C212D8CA-E86A-4F20-A77E-2E98CFF21785}.Debug|x64.Build.0 = Debug|Any CPU
		{C212D8CA-E86A-4F20-A77E-2E98CFF21785}.Debug|x64.Deploy.0 = Debug|Any CPU
		{C212D8CA-E86A-4F20-A77E-2E98CFF21785}.Debug|x86.ActiveCfg = Debug|x86
		{C212D8CA-E86A-4F20-A77E-2E98CFF21785}.Debug|x86.Build.0 = Debug|x86
		{C212D8CA-E86A-4F20-A77E-2E98CFF21785}.Debug|x86.Deploy.0 = Debug|x86
		{C212D8CA-E86A-4F20-A77E-2E98CFF21785}.Release|Any CPU.ActiveCfg = Release|Any CPU
		{C212D8CA-E86A-4F20-A77E-2E98CFF21785}.Release|Any CPU.Build.0 = Release|Any CPU
		{C212D8CA-E86A-4F20-A77E-2E98CFF21785}.Release|Any CPU.Deploy.0 = Release|Any CPU
		{C212D8CA-E86A-4F20-A77E-2E98CFF21785}.Release|ARM.ActiveCfg = Release|ARM
		{C212D8CA-E86A-4F20-A77E-2E98CFF21785}.Release|ARM.Build.0 = Release|ARM
		{C212D8CA-E86A-4F20-A77E-2E98CFF21785}.Release|ARM.Deploy.0 = Release|ARM
		{C212D8CA-E86A-4F20-A77E-2E98CFF21785}.Release|iPhone.ActiveCfg = Release|Any CPU
		{C212D8CA-E86A-4F20-A77E-2E98CFF21785}.Release|iPhone.Build.0 = Release|Any CPU
		{C212D8CA-E86A-4F20-A77E-2E98CFF21785}.Release|iPhone.Deploy.0 = Release|Any CPU
		{C212D8CA-E86A-4F20-A77E-2E98CFF21785}.Release|iPhoneSimulator.ActiveCfg = Release|Any CPU
		{C212D8CA-E86A-4F20-A77E-2E98CFF21785}.Release|iPhoneSimulator.Build.0 = Release|Any CPU
		{C212D8CA-E86A-4F20-A77E-2E98CFF21785}.Release|iPhoneSimulator.Deploy.0 = Release|Any CPU
		{C212D8CA-E86A-4F20-A77E-2E98CFF21785}.Release|x64.ActiveCfg = Release|Any CPU
		{C212D8CA-E86A-4F20-A77E-2E98CFF21785}.Release|x64.Build.0 = Release|Any CPU
		{C212D8CA-E86A-4F20-A77E-2E98CFF21785}.Release|x64.Deploy.0 = Release|Any CPU
		{C212D8CA-E86A-4F20-A77E-2E98CFF21785}.Release|x86.ActiveCfg = Release|x86
		{C212D8CA-E86A-4F20-A77E-2E98CFF21785}.Release|x86.Build.0 = Release|x86
		{C212D8CA-E86A-4F20-A77E-2E98CFF21785}.Release|x86.Deploy.0 = Release|x86
		{835FB11D-307B-4D6B-B1A4-7EF69C074AEC}.Ad-Hoc|Any CPU.ActiveCfg = Release|x86
		{835FB11D-307B-4D6B-B1A4-7EF69C074AEC}.Ad-Hoc|Any CPU.Build.0 = Release|x86
		{835FB11D-307B-4D6B-B1A4-7EF69C074AEC}.Ad-Hoc|Any CPU.Deploy.0 = Release|x86
		{835FB11D-307B-4D6B-B1A4-7EF69C074AEC}.Ad-Hoc|ARM.ActiveCfg = Release|ARM
		{835FB11D-307B-4D6B-B1A4-7EF69C074AEC}.Ad-Hoc|ARM.Build.0 = Release|ARM
		{835FB11D-307B-4D6B-B1A4-7EF69C074AEC}.Ad-Hoc|ARM.Deploy.0 = Release|ARM
		{835FB11D-307B-4D6B-B1A4-7EF69C074AEC}.Ad-Hoc|iPhone.ActiveCfg = Release|x86
		{835FB11D-307B-4D6B-B1A4-7EF69C074AEC}.Ad-Hoc|iPhone.Build.0 = Release|x86
		{835FB11D-307B-4D6B-B1A4-7EF69C074AEC}.Ad-Hoc|iPhone.Deploy.0 = Release|x86
		{835FB11D-307B-4D6B-B1A4-7EF69C074AEC}.Ad-Hoc|iPhoneSimulator.ActiveCfg = Release|x86
		{835FB11D-307B-4D6B-B1A4-7EF69C074AEC}.Ad-Hoc|iPhoneSimulator.Build.0 = Release|x86
		{835FB11D-307B-4D6B-B1A4-7EF69C074AEC}.Ad-Hoc|iPhoneSimulator.Deploy.0 = Release|x86
		{835FB11D-307B-4D6B-B1A4-7EF69C074AEC}.Ad-Hoc|x64.ActiveCfg = Release|x64
		{835FB11D-307B-4D6B-B1A4-7EF69C074AEC}.Ad-Hoc|x64.Build.0 = Release|x64
		{835FB11D-307B-4D6B-B1A4-7EF69C074AEC}.Ad-Hoc|x64.Deploy.0 = Release|x64
		{835FB11D-307B-4D6B-B1A4-7EF69C074AEC}.Ad-Hoc|x86.ActiveCfg = Release|x86
		{835FB11D-307B-4D6B-B1A4-7EF69C074AEC}.Ad-Hoc|x86.Build.0 = Release|x86
		{835FB11D-307B-4D6B-B1A4-7EF69C074AEC}.Ad-Hoc|x86.Deploy.0 = Release|x86
		{835FB11D-307B-4D6B-B1A4-7EF69C074AEC}.AppStore|Any CPU.ActiveCfg = Release|x86
		{835FB11D-307B-4D6B-B1A4-7EF69C074AEC}.AppStore|Any CPU.Build.0 = Release|x86
		{835FB11D-307B-4D6B-B1A4-7EF69C074AEC}.AppStore|Any CPU.Deploy.0 = Release|x86
		{835FB11D-307B-4D6B-B1A4-7EF69C074AEC}.AppStore|ARM.ActiveCfg = Release|ARM
		{835FB11D-307B-4D6B-B1A4-7EF69C074AEC}.AppStore|ARM.Build.0 = Release|ARM
		{835FB11D-307B-4D6B-B1A4-7EF69C074AEC}.AppStore|ARM.Deploy.0 = Release|ARM
		{835FB11D-307B-4D6B-B1A4-7EF69C074AEC}.AppStore|iPhone.ActiveCfg = Release|x86
		{835FB11D-307B-4D6B-B1A4-7EF69C074AEC}.AppStore|iPhone.Build.0 = Release|x86
		{835FB11D-307B-4D6B-B1A4-7EF69C074AEC}.AppStore|iPhone.Deploy.0 = Release|x86
		{835FB11D-307B-4D6B-B1A4-7EF69C074AEC}.AppStore|iPhoneSimulator.ActiveCfg = Release|x86
		{835FB11D-307B-4D6B-B1A4-7EF69C074AEC}.AppStore|iPhoneSimulator.Build.0 = Release|x86
		{835FB11D-307B-4D6B-B1A4-7EF69C074AEC}.AppStore|iPhoneSimulator.Deploy.0 = Release|x86
		{835FB11D-307B-4D6B-B1A4-7EF69C074AEC}.AppStore|x64.ActiveCfg = Release|x64
		{835FB11D-307B-4D6B-B1A4-7EF69C074AEC}.AppStore|x64.Build.0 = Release|x64
		{835FB11D-307B-4D6B-B1A4-7EF69C074AEC}.AppStore|x64.Deploy.0 = Release|x64
		{835FB11D-307B-4D6B-B1A4-7EF69C074AEC}.AppStore|x86.ActiveCfg = Release|x86
		{835FB11D-307B-4D6B-B1A4-7EF69C074AEC}.AppStore|x86.Build.0 = Release|x86
		{835FB11D-307B-4D6B-B1A4-7EF69C074AEC}.AppStore|x86.Deploy.0 = Release|x86
		{835FB11D-307B-4D6B-B1A4-7EF69C074AEC}.Debug|Any CPU.ActiveCfg = Debug|x86
		{835FB11D-307B-4D6B-B1A4-7EF69C074AEC}.Debug|Any CPU.Build.0 = Debug|x86
		{835FB11D-307B-4D6B-B1A4-7EF69C074AEC}.Debug|Any CPU.Deploy.0 = Debug|x86
		{835FB11D-307B-4D6B-B1A4-7EF69C074AEC}.Debug|ARM.ActiveCfg = Debug|ARM
		{835FB11D-307B-4D6B-B1A4-7EF69C074AEC}.Debug|ARM.Build.0 = Debug|ARM
		{835FB11D-307B-4D6B-B1A4-7EF69C074AEC}.Debug|ARM.Deploy.0 = Debug|ARM
		{835FB11D-307B-4D6B-B1A4-7EF69C074AEC}.Debug|iPhone.ActiveCfg = Debug|x86
		{835FB11D-307B-4D6B-B1A4-7EF69C074AEC}.Debug|iPhoneSimulator.ActiveCfg = Debug|x86
		{835FB11D-307B-4D6B-B1A4-7EF69C074AEC}.Debug|x64.ActiveCfg = Debug|x64
		{835FB11D-307B-4D6B-B1A4-7EF69C074AEC}.Debug|x64.Build.0 = Debug|x64
		{835FB11D-307B-4D6B-B1A4-7EF69C074AEC}.Debug|x64.Deploy.0 = Debug|x64
		{835FB11D-307B-4D6B-B1A4-7EF69C074AEC}.Debug|x86.ActiveCfg = Debug|x86
		{835FB11D-307B-4D6B-B1A4-7EF69C074AEC}.Debug|x86.Build.0 = Debug|x86
		{835FB11D-307B-4D6B-B1A4-7EF69C074AEC}.Debug|x86.Deploy.0 = Debug|x86
		{835FB11D-307B-4D6B-B1A4-7EF69C074AEC}.Release|Any CPU.ActiveCfg = Release|x86
		{835FB11D-307B-4D6B-B1A4-7EF69C074AEC}.Release|ARM.ActiveCfg = Release|ARM
		{835FB11D-307B-4D6B-B1A4-7EF69C074AEC}.Release|ARM.Build.0 = Release|ARM
		{835FB11D-307B-4D6B-B1A4-7EF69C074AEC}.Release|ARM.Deploy.0 = Release|ARM
		{835FB11D-307B-4D6B-B1A4-7EF69C074AEC}.Release|iPhone.ActiveCfg = Release|x86
		{835FB11D-307B-4D6B-B1A4-7EF69C074AEC}.Release|iPhoneSimulator.ActiveCfg = Release|x86
		{835FB11D-307B-4D6B-B1A4-7EF69C074AEC}.Release|x64.ActiveCfg = Release|x64
		{835FB11D-307B-4D6B-B1A4-7EF69C074AEC}.Release|x64.Build.0 = Release|x64
		{835FB11D-307B-4D6B-B1A4-7EF69C074AEC}.Release|x64.Deploy.0 = Release|x64
		{835FB11D-307B-4D6B-B1A4-7EF69C074AEC}.Release|x86.ActiveCfg = Release|x86
		{835FB11D-307B-4D6B-B1A4-7EF69C074AEC}.Release|x86.Build.0 = Release|x86
		{835FB11D-307B-4D6B-B1A4-7EF69C074AEC}.Release|x86.Deploy.0 = Release|x86
		{DA27BDD6-A118-46B0-BD85-0BE98469C73B}.Ad-Hoc|Any CPU.ActiveCfg = Release|Any CPU
		{DA27BDD6-A118-46B0-BD85-0BE98469C73B}.Ad-Hoc|Any CPU.Build.0 = Release|Any CPU
		{DA27BDD6-A118-46B0-BD85-0BE98469C73B}.Ad-Hoc|Any CPU.Deploy.0 = Release|Any CPU
		{DA27BDD6-A118-46B0-BD85-0BE98469C73B}.Ad-Hoc|ARM.ActiveCfg = Release|ARM
		{DA27BDD6-A118-46B0-BD85-0BE98469C73B}.Ad-Hoc|ARM.Build.0 = Release|ARM
		{DA27BDD6-A118-46B0-BD85-0BE98469C73B}.Ad-Hoc|ARM.Deploy.0 = Release|ARM
		{DA27BDD6-A118-46B0-BD85-0BE98469C73B}.Ad-Hoc|iPhone.ActiveCfg = Release|Any CPU
		{DA27BDD6-A118-46B0-BD85-0BE98469C73B}.Ad-Hoc|iPhone.Build.0 = Release|Any CPU
		{DA27BDD6-A118-46B0-BD85-0BE98469C73B}.Ad-Hoc|iPhone.Deploy.0 = Release|Any CPU
		{DA27BDD6-A118-46B0-BD85-0BE98469C73B}.Ad-Hoc|iPhoneSimulator.ActiveCfg = Release|Any CPU
		{DA27BDD6-A118-46B0-BD85-0BE98469C73B}.Ad-Hoc|iPhoneSimulator.Build.0 = Release|Any CPU
		{DA27BDD6-A118-46B0-BD85-0BE98469C73B}.Ad-Hoc|iPhoneSimulator.Deploy.0 = Release|Any CPU
		{DA27BDD6-A118-46B0-BD85-0BE98469C73B}.Ad-Hoc|x64.ActiveCfg = Release|x64
		{DA27BDD6-A118-46B0-BD85-0BE98469C73B}.Ad-Hoc|x64.Build.0 = Release|x64
		{DA27BDD6-A118-46B0-BD85-0BE98469C73B}.Ad-Hoc|x64.Deploy.0 = Release|x64
		{DA27BDD6-A118-46B0-BD85-0BE98469C73B}.Ad-Hoc|x86.ActiveCfg = Release|x86
		{DA27BDD6-A118-46B0-BD85-0BE98469C73B}.Ad-Hoc|x86.Build.0 = Release|x86
		{DA27BDD6-A118-46B0-BD85-0BE98469C73B}.Ad-Hoc|x86.Deploy.0 = Release|x86
		{DA27BDD6-A118-46B0-BD85-0BE98469C73B}.AppStore|Any CPU.ActiveCfg = Release|Any CPU
		{DA27BDD6-A118-46B0-BD85-0BE98469C73B}.AppStore|Any CPU.Build.0 = Release|Any CPU
		{DA27BDD6-A118-46B0-BD85-0BE98469C73B}.AppStore|Any CPU.Deploy.0 = Release|Any CPU
		{DA27BDD6-A118-46B0-BD85-0BE98469C73B}.AppStore|ARM.ActiveCfg = Release|ARM
		{DA27BDD6-A118-46B0-BD85-0BE98469C73B}.AppStore|ARM.Build.0 = Release|ARM
		{DA27BDD6-A118-46B0-BD85-0BE98469C73B}.AppStore|ARM.Deploy.0 = Release|ARM
		{DA27BDD6-A118-46B0-BD85-0BE98469C73B}.AppStore|iPhone.ActiveCfg = Release|Any CPU
		{DA27BDD6-A118-46B0-BD85-0BE98469C73B}.AppStore|iPhone.Build.0 = Release|Any CPU
		{DA27BDD6-A118-46B0-BD85-0BE98469C73B}.AppStore|iPhone.Deploy.0 = Release|Any CPU
		{DA27BDD6-A118-46B0-BD85-0BE98469C73B}.AppStore|iPhoneSimulator.ActiveCfg = Release|Any CPU
		{DA27BDD6-A118-46B0-BD85-0BE98469C73B}.AppStore|iPhoneSimulator.Build.0 = Release|Any CPU
		{DA27BDD6-A118-46B0-BD85-0BE98469C73B}.AppStore|iPhoneSimulator.Deploy.0 = Release|Any CPU
		{DA27BDD6-A118-46B0-BD85-0BE98469C73B}.AppStore|x64.ActiveCfg = Release|x64
		{DA27BDD6-A118-46B0-BD85-0BE98469C73B}.AppStore|x64.Build.0 = Release|x64
		{DA27BDD6-A118-46B0-BD85-0BE98469C73B}.AppStore|x64.Deploy.0 = Release|x64
		{DA27BDD6-A118-46B0-BD85-0BE98469C73B}.AppStore|x86.ActiveCfg = Release|x86
		{DA27BDD6-A118-46B0-BD85-0BE98469C73B}.AppStore|x86.Build.0 = Release|x86
		{DA27BDD6-A118-46B0-BD85-0BE98469C73B}.AppStore|x86.Deploy.0 = Release|x86
		{DA27BDD6-A118-46B0-BD85-0BE98469C73B}.Debug|Any CPU.ActiveCfg = Debug|Any CPU
		{DA27BDD6-A118-46B0-BD85-0BE98469C73B}.Debug|Any CPU.Build.0 = Debug|Any CPU
		{DA27BDD6-A118-46B0-BD85-0BE98469C73B}.Debug|Any CPU.Deploy.0 = Debug|Any CPU
		{DA27BDD6-A118-46B0-BD85-0BE98469C73B}.Debug|ARM.ActiveCfg = Debug|ARM
		{DA27BDD6-A118-46B0-BD85-0BE98469C73B}.Debug|ARM.Build.0 = Debug|ARM
		{DA27BDD6-A118-46B0-BD85-0BE98469C73B}.Debug|ARM.Deploy.0 = Debug|ARM
		{DA27BDD6-A118-46B0-BD85-0BE98469C73B}.Debug|iPhone.ActiveCfg = Debug|Any CPU
		{DA27BDD6-A118-46B0-BD85-0BE98469C73B}.Debug|iPhone.Build.0 = Debug|Any CPU
		{DA27BDD6-A118-46B0-BD85-0BE98469C73B}.Debug|iPhone.Deploy.0 = Debug|Any CPU
		{DA27BDD6-A118-46B0-BD85-0BE98469C73B}.Debug|iPhoneSimulator.ActiveCfg = Debug|Any CPU
		{DA27BDD6-A118-46B0-BD85-0BE98469C73B}.Debug|iPhoneSimulator.Build.0 = Debug|Any CPU
		{DA27BDD6-A118-46B0-BD85-0BE98469C73B}.Debug|iPhoneSimulator.Deploy.0 = Debug|Any CPU
		{DA27BDD6-A118-46B0-BD85-0BE98469C73B}.Debug|x64.ActiveCfg = Debug|x64
		{DA27BDD6-A118-46B0-BD85-0BE98469C73B}.Debug|x64.Build.0 = Debug|x64
		{DA27BDD6-A118-46B0-BD85-0BE98469C73B}.Debug|x64.Deploy.0 = Debug|x64
		{DA27BDD6-A118-46B0-BD85-0BE98469C73B}.Debug|x86.ActiveCfg = Debug|x86
		{DA27BDD6-A118-46B0-BD85-0BE98469C73B}.Debug|x86.Build.0 = Debug|x86
		{DA27BDD6-A118-46B0-BD85-0BE98469C73B}.Debug|x86.Deploy.0 = Debug|x86
		{DA27BDD6-A118-46B0-BD85-0BE98469C73B}.Release|Any CPU.ActiveCfg = Release|Any CPU
		{DA27BDD6-A118-46B0-BD85-0BE98469C73B}.Release|Any CPU.Build.0 = Release|Any CPU
		{DA27BDD6-A118-46B0-BD85-0BE98469C73B}.Release|Any CPU.Deploy.0 = Release|Any CPU
		{DA27BDD6-A118-46B0-BD85-0BE98469C73B}.Release|ARM.ActiveCfg = Release|ARM
		{DA27BDD6-A118-46B0-BD85-0BE98469C73B}.Release|ARM.Build.0 = Release|ARM
		{DA27BDD6-A118-46B0-BD85-0BE98469C73B}.Release|ARM.Deploy.0 = Release|ARM
		{DA27BDD6-A118-46B0-BD85-0BE98469C73B}.Release|iPhone.ActiveCfg = Release|Any CPU
		{DA27BDD6-A118-46B0-BD85-0BE98469C73B}.Release|iPhone.Build.0 = Release|Any CPU
		{DA27BDD6-A118-46B0-BD85-0BE98469C73B}.Release|iPhone.Deploy.0 = Release|Any CPU
		{DA27BDD6-A118-46B0-BD85-0BE98469C73B}.Release|iPhoneSimulator.ActiveCfg = Release|Any CPU
		{DA27BDD6-A118-46B0-BD85-0BE98469C73B}.Release|iPhoneSimulator.Build.0 = Release|Any CPU
		{DA27BDD6-A118-46B0-BD85-0BE98469C73B}.Release|iPhoneSimulator.Deploy.0 = Release|Any CPU
		{DA27BDD6-A118-46B0-BD85-0BE98469C73B}.Release|x64.ActiveCfg = Release|x64
		{DA27BDD6-A118-46B0-BD85-0BE98469C73B}.Release|x64.Build.0 = Release|x64
		{DA27BDD6-A118-46B0-BD85-0BE98469C73B}.Release|x64.Deploy.0 = Release|x64
		{DA27BDD6-A118-46B0-BD85-0BE98469C73B}.Release|x86.ActiveCfg = Release|x86
		{DA27BDD6-A118-46B0-BD85-0BE98469C73B}.Release|x86.Build.0 = Release|x86
		{DA27BDD6-A118-46B0-BD85-0BE98469C73B}.Release|x86.Deploy.0 = Release|x86
		{67F9D3A8-F71E-4428-913F-C37AE82CDB24}.Ad-Hoc|Any CPU.ActiveCfg = Release|Any CPU
		{67F9D3A8-F71E-4428-913F-C37AE82CDB24}.Ad-Hoc|Any CPU.Build.0 = Release|Any CPU
		{67F9D3A8-F71E-4428-913F-C37AE82CDB24}.Ad-Hoc|ARM.ActiveCfg = Release|Any CPU
		{67F9D3A8-F71E-4428-913F-C37AE82CDB24}.Ad-Hoc|ARM.Build.0 = Release|Any CPU
		{67F9D3A8-F71E-4428-913F-C37AE82CDB24}.Ad-Hoc|iPhone.ActiveCfg = Release|Any CPU
		{67F9D3A8-F71E-4428-913F-C37AE82CDB24}.Ad-Hoc|iPhone.Build.0 = Release|Any CPU
		{67F9D3A8-F71E-4428-913F-C37AE82CDB24}.Ad-Hoc|iPhoneSimulator.ActiveCfg = Release|Any CPU
		{67F9D3A8-F71E-4428-913F-C37AE82CDB24}.Ad-Hoc|iPhoneSimulator.Build.0 = Release|Any CPU
		{67F9D3A8-F71E-4428-913F-C37AE82CDB24}.Ad-Hoc|x64.ActiveCfg = Release|Any CPU
		{67F9D3A8-F71E-4428-913F-C37AE82CDB24}.Ad-Hoc|x64.Build.0 = Release|Any CPU
		{67F9D3A8-F71E-4428-913F-C37AE82CDB24}.Ad-Hoc|x86.ActiveCfg = Release|Any CPU
		{67F9D3A8-F71E-4428-913F-C37AE82CDB24}.Ad-Hoc|x86.Build.0 = Release|Any CPU
		{67F9D3A8-F71E-4428-913F-C37AE82CDB24}.AppStore|Any CPU.ActiveCfg = Release|Any CPU
		{67F9D3A8-F71E-4428-913F-C37AE82CDB24}.AppStore|Any CPU.Build.0 = Release|Any CPU
		{67F9D3A8-F71E-4428-913F-C37AE82CDB24}.AppStore|ARM.ActiveCfg = Release|Any CPU
		{67F9D3A8-F71E-4428-913F-C37AE82CDB24}.AppStore|ARM.Build.0 = Release|Any CPU
		{67F9D3A8-F71E-4428-913F-C37AE82CDB24}.AppStore|iPhone.ActiveCfg = Release|Any CPU
		{67F9D3A8-F71E-4428-913F-C37AE82CDB24}.AppStore|iPhone.Build.0 = Release|Any CPU
		{67F9D3A8-F71E-4428-913F-C37AE82CDB24}.AppStore|iPhoneSimulator.ActiveCfg = Release|Any CPU
		{67F9D3A8-F71E-4428-913F-C37AE82CDB24}.AppStore|iPhoneSimulator.Build.0 = Release|Any CPU
		{67F9D3A8-F71E-4428-913F-C37AE82CDB24}.AppStore|x64.ActiveCfg = Release|Any CPU
		{67F9D3A8-F71E-4428-913F-C37AE82CDB24}.AppStore|x64.Build.0 = Release|Any CPU
		{67F9D3A8-F71E-4428-913F-C37AE82CDB24}.AppStore|x86.ActiveCfg = Release|Any CPU
		{67F9D3A8-F71E-4428-913F-C37AE82CDB24}.AppStore|x86.Build.0 = Release|Any CPU
		{67F9D3A8-F71E-4428-913F-C37AE82CDB24}.Debug|Any CPU.ActiveCfg = Debug|Any CPU
		{67F9D3A8-F71E-4428-913F-C37AE82CDB24}.Debug|Any CPU.Build.0 = Debug|Any CPU
		{67F9D3A8-F71E-4428-913F-C37AE82CDB24}.Debug|ARM.ActiveCfg = Debug|Any CPU
		{67F9D3A8-F71E-4428-913F-C37AE82CDB24}.Debug|ARM.Build.0 = Debug|Any CPU
		{67F9D3A8-F71E-4428-913F-C37AE82CDB24}.Debug|iPhone.ActiveCfg = Debug|Any CPU
		{67F9D3A8-F71E-4428-913F-C37AE82CDB24}.Debug|iPhone.Build.0 = Debug|Any CPU
		{67F9D3A8-F71E-4428-913F-C37AE82CDB24}.Debug|iPhoneSimulator.ActiveCfg = Debug|Any CPU
		{67F9D3A8-F71E-4428-913F-C37AE82CDB24}.Debug|iPhoneSimulator.Build.0 = Debug|Any CPU
		{67F9D3A8-F71E-4428-913F-C37AE82CDB24}.Debug|x64.ActiveCfg = Debug|Any CPU
		{67F9D3A8-F71E-4428-913F-C37AE82CDB24}.Debug|x64.Build.0 = Debug|Any CPU
		{67F9D3A8-F71E-4428-913F-C37AE82CDB24}.Debug|x86.ActiveCfg = Debug|Any CPU
		{67F9D3A8-F71E-4428-913F-C37AE82CDB24}.Debug|x86.Build.0 = Debug|Any CPU
		{67F9D3A8-F71E-4428-913F-C37AE82CDB24}.Release|Any CPU.ActiveCfg = Release|Any CPU
		{67F9D3A8-F71E-4428-913F-C37AE82CDB24}.Release|Any CPU.Build.0 = Release|Any CPU
		{67F9D3A8-F71E-4428-913F-C37AE82CDB24}.Release|ARM.ActiveCfg = Release|Any CPU
		{67F9D3A8-F71E-4428-913F-C37AE82CDB24}.Release|ARM.Build.0 = Release|Any CPU
		{67F9D3A8-F71E-4428-913F-C37AE82CDB24}.Release|iPhone.ActiveCfg = Release|Any CPU
		{67F9D3A8-F71E-4428-913F-C37AE82CDB24}.Release|iPhone.Build.0 = Release|Any CPU
		{67F9D3A8-F71E-4428-913F-C37AE82CDB24}.Release|iPhoneSimulator.ActiveCfg = Release|Any CPU
		{67F9D3A8-F71E-4428-913F-C37AE82CDB24}.Release|iPhoneSimulator.Build.0 = Release|Any CPU
		{67F9D3A8-F71E-4428-913F-C37AE82CDB24}.Release|x64.ActiveCfg = Release|Any CPU
		{67F9D3A8-F71E-4428-913F-C37AE82CDB24}.Release|x64.Build.0 = Release|Any CPU
		{67F9D3A8-F71E-4428-913F-C37AE82CDB24}.Release|x86.ActiveCfg = Release|Any CPU
		{67F9D3A8-F71E-4428-913F-C37AE82CDB24}.Release|x86.Build.0 = Release|Any CPU
	EndGlobalSection
	GlobalSection(SolutionProperties) = preSolution
		HideSolutionNode = FALSE
	EndGlobalSection
EndGlobal
